schema_version: 1
reviewed_at: "2026-08-04"
skills:
  - name: opinions-crawler
    repository: https://github.com/infometa/workbuddyskills.git
    commit: 2bd6db6fe5678650e8272adafabbdceba61c3544
    path: experts/databrain-opinion-expert/skills/opinions-crawler
    role: Cross-platform discovery and engagement-data collector; capability must be checked per platform before each run.
    install_path: .local/third-party-skills/opinions-crawler
    installed: true
    source_tree_sha256: a6c85c151688dfa1045e707330b7818dd25d62a5b52673c366ea27740ff7bb95
    capability_probe:
      command: [.local/bin/opencli, --version]
      status: ready
      observed_at: "2026-08-04"
      detail: Project-local OpenCLI 1.8.6 version probe passed; daemon, browser bridge, login, and platform commands were not invoked.
    audit_path: skills/audits/opinions-crawler.md
    requires:
      node_min_major: 20
      chrome: true
      executables:
        - node
        - npm
        - opencli
      local_executables:
        opencli: .local/bin/opencli
      pinned_runtime:
        package: "@jackwener/opencli"
        version: "1.8.6"
        package_json: .local/tools/opencli/node_modules/@jackwener/opencli/package.json
        integrity: sha512-2+phJOV7JkSeQR4uOnapAkhSwQDjNzHYzlCXZJBYiYi7bUxQz95nGbGuXeTseprZWES0kysVGySH63B1HG51hw==
      chrome_extension: OpenCLI Browser Bridge
      chrome_extension_package:
        version: "1.0.22"
        install_path: .local/tools/opencli-extension/v1.0.22
        archive_sha256: 9d2e3d053948beab5d97124aa79b1532d2122e33e461eca56cac113afd33207a
      authenticated_sites: platform-specific
    real_calls_enabled: false

  - name: wechat-article-search
    repository: https://github.com/wuchubuzai2018/expert-skills-hub.git
    commit: c9307752f2744fecf6f62c243f32df9015c0c416
    path: skills/wechat-article-search
    role: Supplemental WeChat Official Account article discovery through Sogou Weixin search; not WeChat Channels search.
    install_path: .local/third-party-skills/wechat-article-search
    installed: true
    source_tree_sha256: a8970aa2bae0e4f1f0b78b3c5b3dcb92cff062db4f0f169a2200a0ac59ccef90
    capability_probe:
      command: [node, --check, scripts/search_wechat.js]
      status: ready
      observed_at: "2026-08-04"
      detail: Static syntax check and project-local Cheerio 1.2.0 load probe passed; no HTTP request was made.
    audit_path: skills/audits/wechat-article-search.md
    requires:
      node_min_major: 18
      chrome: false
      executables:
        - node
        - npm
      npm_packages:
        - name: cheerio
          version: "1.2.0"
          package_json: .local/tools/wechat-article-search/node_modules/cheerio/package.json
          integrity: sha512-WDrybc/gKFpTYQutKIK6UvfcuxijIZfMfXaYm8NMsPQxSYvf+13fXUJ4rztGGbJcBQ/GF55gvrZ0Bc0bj/mqvg==
    real_calls_enabled: false
